
Microsoft Visual Studio Solution File, Format Version 12.00
Project("{FAE04EC0-301F-11D3-BF4B-00C04F79EFBC}") = "Q1", "Q1\Q1.csproj", "{FF6B7C16-8713-4E76-98C2-592BD38DE109}"
EndProject
Project("{FAE04EC0-301F-11D3-BF4B-00C04F79EFBC}") = "Q2", "Q2\Q2.csproj", "{275E5DC2-9E09-41DF-8271-2AB506AEA66A}"
EndProject
Project("{FAE04EC0-301F-11D3-BF4B-00C04F79EFBC}") = "Q3_Lock", "Q3_Lock\Q3_Lock.csproj", "{AD6EB718-60E9-4C44-BCCC-7F7E89AF8162}"
EndProject
Project("{FAE04EC0-301F-11D3-BF4B-00C04F79EFBC}") = "Q3_Mutex", "Q3_Mutex\Q3_Mutex.csproj", "{0E1E72E5-6311-4BE5-851E-229DA46D6A76}"
EndProject
Project("{FAE04EC0-301F-11D3-BF4B-00C04F79EFBC}") = "Q3_Monitor", "Q3_Monitor\Q3_Monitor.csproj", "{9479751A-3D8D-42A5-B4CD-ACF59B256665}"
EndProject
Project("{FAE04EC0-301F-11D3-BF4B-00C04F79EFBC}") = "Q4", "Q4\Q4.csproj", "{46F211D2-94FC-43A4-9CA9-786FC9505CAD}"
EndProject
Project("{FAE04EC0-301F-11D3-BF4B-00C04F79EFBC}") = "Q5", "Q5\Q5.csproj", "{31104928-50B5-4400-AB26-D9EBD253AAAF}"
EndProject
Project("{FAE04EC0-301F-11D3-BF4B-00C04F79EFBC}") = "Q6", "Q6\Q6.csproj", "{D0039523-582D-41A9-BCD3-ACDF26DE2049}"
EndProject
Project("{FAE04EC0-301F-11D3-BF4B-00C04F79EFBC}") = "Q3_Mutex_InterProcess", "Q3_Mutex_InterProcess\Q3_Mutex_InterProcess.csproj", "{EF11D24B-AA7F-4955-89A3-025D38653E1D}"
EndProject
Global
	GlobalSection(SolutionConfigurationPlatforms) = preSolution
		Debug|Any CPU = Debug|Any CPU
		Release|Any CPU = Release|Any CPU
	EndGlobalSection
	GlobalSection(ProjectConfigurationPlatforms) = postSolution
		{FF6B7C16-8713-4E76-98C2-592BD38DE109}.Debug|Any CPU.ActiveCfg = Debug|Any CPU
		{FF6B7C16-8713-4E76-98C2-592BD38DE109}.Debug|Any CPU.Build.0 = Debug|Any CPU
		{FF6B7C16-8713-4E76-98C2-592BD38DE109}.Release|Any CPU.ActiveCfg = Release|Any CPU
		{FF6B7C16-8713-4E76-98C2-592BD38DE109}.Release|Any CPU.Build.0 = Release|Any CPU
		{275E5DC2-9E09-41DF-8271-2AB506AEA66A}.Debug|Any CPU.ActiveCfg = Debug|Any CPU
		{275E5DC2-9E09-41DF-8271-2AB506AEA66A}.Debug|Any CPU.Build.0 = Debug|Any CPU
		{275E5DC2-9E09-41DF-8271-2AB506AEA66A}.Release|Any CPU.ActiveCfg = Release|Any CPU
		{275E5DC2-9E09-41DF-8271-2AB506AEA66A}.Release|Any CPU.Build.0 = Release|Any CPU
		{AD6EB718-60E9-4C44-BCCC-7F7E89AF8162}.Debug|Any CPU.ActiveCfg = Debug|Any CPU
		{AD6EB718-60E9-4C44-BCCC-7F7E89AF8162}.Debug|Any CPU.Build.0 = Debug|Any CPU
		{AD6EB718-60E9-4C44-BCCC-7F7E89AF8162}.Release|Any CPU.ActiveCfg = Release|Any CPU
		{AD6EB718-60E9-4C44-BCCC-7F7E89AF8162}.Release|Any CPU.Build.0 = Release|Any CPU
		{0E1E72E5-6311-4BE5-851E-229DA46D6A76}.Debug|Any CPU.ActiveCfg = Debug|Any CPU
		{0E1E72E5-6311-4BE5-851E-229DA46D6A76}.Debug|Any CPU.Build.0 = Debug|Any CPU
		{0E1E72E5-6311-4BE5-851E-229DA46D6A76}.Release|Any CPU.ActiveCfg = Release|Any CPU
		{0E1E72E5-6311-4BE5-851E-229DA46D6A76}.Release|Any CPU.Build.0 = Release|Any CPU
		{9479751A-3D8D-42A5-B4CD-ACF59B256665}.Debug|Any CPU.ActiveCfg = Debug|Any CPU
		{9479751A-3D8D-42A5-B4CD-ACF59B256665}.Debug|Any CPU.Build.0 = Debug|Any CPU
		{9479751A-3D8D-42A5-B4CD-ACF59B256665}.Release|Any CPU.ActiveCfg = Release|Any CPU
		{9479751A-3D8D-42A5-B4CD-ACF59B256665}.Release|Any CPU.Build.0 = Release|Any CPU
		{46F211D2-94FC-43A4-9CA9-786FC9505CAD}.Debug|Any CPU.ActiveCfg = Debug|Any CPU
		{46F211D2-94FC-43A4-9CA9-786FC9505CAD}.Debug|Any CPU.Build.0 = Debug|Any CPU
		{46F211D2-94FC-43A4-9CA9-786FC9505CAD}.Release|Any CPU.ActiveCfg = Release|Any CPU
		{46F211D2-94FC-43A4-9CA9-786FC9505CAD}.Release|Any CPU.Build.0 = Release|Any CPU
		{31104928-50B5-4400-AB26-D9EBD253AAAF}.Debug|Any CPU.ActiveCfg = Debug|Any CPU
		{31104928-50B5-4400-AB26-D9EBD253AAAF}.Debug|Any CPU.Build.0 = Debug|Any CPU
		{31104928-50B5-4400-AB26-D9EBD253AAAF}.Release|Any CPU.ActiveCfg = Release|Any CPU
		{31104928-50B5-4400-AB26-D9EBD253AAAF}.Release|Any CPU.Build.0 = Release|Any CPU
		{D0039523-582D-41A9-BCD3-ACDF26DE2049}.Debug|Any CPU.ActiveCfg = Debug|Any CPU
		{D0039523-582D-41A9-BCD3-ACDF26DE2049}.Debug|Any CPU.Build.0 = Debug|Any CPU
		{D0039523-582D-41A9-BCD3-ACDF26DE2049}.Release|Any CPU.ActiveCfg = Release|Any CPU
		{D0039523-582D-41A9-BCD3-ACDF26DE2049}.Release|Any CPU.Build.0 = Release|Any CPU
		{EF11D24B-AA7F-4955-89A3-025D38653E1D}.Debug|Any CPU.ActiveCfg = Debug|Any CPU
		{EF11D24B-AA7F-4955-89A3-025D38653E1D}.Debug|Any CPU.Build.0 = Debug|Any CPU
		{EF11D24B-AA7F-4955-89A3-025D38653E1D}.Release|Any CPU.ActiveCfg = Release|Any CPU
		{EF11D24B-AA7F-4955-89A3-025D38653E1D}.Release|Any CPU.Build.0 = Release|Any CPU
	EndGlobalSection
EndGlobal
